
Microsoft Visual Studio Solution File, Format Version 12.00
# Visual Studio Version 17
VisualStudioVersion = 17.8.34316.72
MinimumVisualStudioVersion = 10.0.40219.1
Project("{FAE04EC0-301F-11D3-BF4B-00C04F79EFBC}") = "Pantalla", "Pantalla\Pantalla.csproj", "{BC014904-73DC-41DA-8A5F-0185041B50EE}"
EndProject
Global
	GlobalSection(SolutionConfigurationPlatforms) = preSolution
		Debug|Any CPU = Debug|Any CPU
		Release|Any CPU = Release|Any CPU
	EndGlobalSection
	GlobalSection(ProjectConfigurationPlatforms) = postSolution
		{BC014904-73DC-41DA-8A5F-0185041B50EE}.Debug|Any CPU.ActiveCfg = Debug|Any CPU
		{BC014904-73DC-41DA-8A5F-0185041B50EE}.Debug|Any CPU.Build.0 = Debug|Any CPU
		{BC014904-73DC-41DA-8A5F-0185041B50EE}.Release|Any CPU.ActiveCfg = Release|Any CPU
		{BC014904-73DC-41DA-8A5F-0185041B50EE}.Release|Any CPU.Build.0 = Release|Any CPU
	EndGlobalSection
	GlobalSection(SolutionProperties) = preSolution
		HideSolutionNode = FALSE
	EndGlobalSection
	GlobalSection(ExtensibilityGlobals) = postSolution
		SolutionGuid = {75958511-E85C-4937-B7FB-8B5CCB3CF250}
	EndGlobalSection
EndGlobal
